
Microsoft Visual Studio Solution File, Format Version 12.00
# Visual Studio 14
VisualStudioVersion = 14.0.25122.0
MinimumVisualStudioVersion = 10.0.40219.1
Project("{2150E333-8FDC-42A3-9474-1A3956D46DE8}") = "CallStack", "CallStack", "{6FEF2547-2BA2-4702-A8A0-2B60A06E5546}"
EndProject
Project("{39E2626F-3545-4960-A6E8-258AD8476CE5}") = "CallStack.Packaging", "CallStack\CallStack.Packaging\CallStack.Packaging.androidproj", "{A63DA136-199A-4F24-BD62-835934113732}"
EndProject
Project("{8BC9CEB8-8B4A-11D0-8D11-00A0C91BC942}") = "CallStack.NativeActivity", "CallStack\CallStack.NativeActivity\CallStack.NativeActivity.vcxproj", "{D69B1E0C-34CD-417E-B3F1-6C08F4CCD9DD}"
EndProject
Global
	GlobalSection(SolutionConfigurationPlatforms) = preSolution
		Debug|ARM = Debug|ARM
		Debug|ARM64 = Debug|ARM64
		Debug|x64 = Debug|x64
		Debug|x86 = Debug|x86
		Release|ARM = Release|ARM
		Release|ARM64 = Release|ARM64
		Release|x64 = Release|x64
		Release|x86 = Release|x86
	EndGlobalSection
	GlobalSection(ProjectConfigurationPlatforms) = postSolution
		{A63DA136-199A-4F24-BD62-835934113732}.Debug|ARM.ActiveCfg = Debug|ARM
		{A63DA136-199A-4F24-BD62-835934113732}.Debug|ARM.Build.0 = Debug|ARM
		{A63DA136-199A-4F24-BD62-835934113732}.Debug|ARM.Deploy.0 = Debug|ARM
		{A63DA136-199A-4F24-BD62-835934113732}.Debug|ARM64.ActiveCfg = Debug|ARM64
		{A63DA136-199A-4F24-BD62-835934113732}.Debug|ARM64.Build.0 = Debug|ARM64
		{A63DA136-199A-4F24-BD62-835934113732}.Debug|ARM64.Deploy.0 = Debug|ARM64
		{A63DA136-199A-4F24-BD62-835934113732}.Debug|x64.ActiveCfg = Debug|x64
		{A63DA136-199A-4F24-BD62-835934113732}.Debug|x64.Build.0 = Debug|x64
		{A63DA136-199A-4F24-BD62-835934113732}.Debug|x64.Deploy.0 = Debug|x64
		{A63DA136-199A-4F24-BD62-835934113732}.Debug|x86.ActiveCfg = Debug|x86
		{A63DA136-199A-4F24-BD62-835934113732}.Debug|x86.Build.0 = Debug|x86
		{A63DA136-199A-4F24-BD62-835934113732}.Debug|x86.Deploy.0 = Debug|x86
		{A63DA136-199A-4F24-BD62-835934113732}.Release|ARM.ActiveCfg = Release|ARM
		{A63DA136-199A-4F24-BD62-835934113732}.Release|ARM.Build.0 = Release|ARM
		{A63DA136-199A-4F24-BD62-835934113732}.Release|ARM.Deploy.0 = Release|ARM
		{A63DA136-199A-4F24-BD62-835934113732}.Release|ARM64.ActiveCfg = Release|ARM64
		{A63DA136-199A-4F24-BD62-835934113732}.Release|ARM64.Build.0 = Release|ARM64
		{A63DA136-199A-4F24-BD62-835934113732}.Release|ARM64.Deploy.0 = Release|ARM64
		{A63DA136-199A-4F24-BD62-835934113732}.Release|x64.ActiveCfg = Release|x64
		{A63DA136-199A-4F24-BD62-835934113732}.Release|x64.Build.0 = Release|x64
		{A63DA136-199A-4F24-BD62-835934113732}.Release|x64.Deploy.0 = Release|x64
		{A63DA136-199A-4F24-BD62-835934113732}.Release|x86.ActiveCfg = Release|x86
		{A63DA136-199A-4F24-BD62-835934113732}.Release|x86.Build.0 = Release|x86
		{A63DA136-199A-4F24-BD62-835934113732}.Release|x86.Deploy.0 = Release|x86
		{D69B1E0C-34CD-417E-B3F1-6C08F4CCD9DD}.Debug|ARM.ActiveCfg = Debug|ARM
		{D69B1E0C-34CD-417E-B3F1-6C08F4CCD9DD}.Debug|ARM.Build.0 = Debug|ARM
		{D69B1E0C-34CD-417E-B3F1-6C08F4CCD9DD}.Debug|ARM64.ActiveCfg = Debug|ARM64
		{D69B1E0C-34CD-417E-B3F1-6C08F4CCD9DD}.Debug|ARM64.Build.0 = Debug|ARM64
		{D69B1E0C-34CD-417E-B3F1-6C08F4CCD9DD}.Debug|x64.ActiveCfg = Debug|x64
		{D69B1E0C-34CD-417E-B3F1-6C08F4CCD9DD}.Debug|x64.Build.0 = Debug|x64
		{D69B1E0C-34CD-417E-B3F1-6C08F4CCD9DD}.Debug|x86.ActiveCfg = Debug|x86
		{D69B1E0C-34CD-417E-B3F1-6C08F4CCD9DD}.Debug|x86.Build.0 = Debug|x86
		{D69B1E0C-34CD-417E-B3F1-6C08F4CCD9DD}.Release|ARM.ActiveCfg = Release|ARM
		{D69B1E0C-34CD-417E-B3F1-6C08F4CCD9DD}.Release|ARM.Build.0 = Release|ARM
		{D69B1E0C-34CD-417E-B3F1-6C08F4CCD9DD}.Release|ARM64.ActiveCfg = Release|ARM64
		{D69B1E0C-34CD-417E-B3F1-6C08F4CCD9DD}.Release|ARM64.Build.0 = Release|ARM64
		{D69B1E0C-34CD-417E-B3F1-6C08F4CCD9DD}.Release|x64.ActiveCfg = Release|x64
		{D69B1E0C-34CD-417E-B3F1-6C08F4CCD9DD}.Release|x64.Build.0 = Release|x64
		{D69B1E0C-34CD-417E-B3F1-6C08F4CCD9DD}.Release|x86.ActiveCfg = Release|x86
		{D69B1E0C-34CD-417E-B3F1-6C08F4CCD9DD}.Release|x86.Build.0 = Release|x86
	EndGlobalSection
	GlobalSection(SolutionProperties) = preSolution
		HideSolutionNode = FALSE
	EndGlobalSection
	GlobalSection(NestedProjects) = preSolution
		{A63DA136-199A-4F24-BD62-835934113732} = {6FEF2547-2BA2-4702-A8A0-2B60A06E5546}
		{D69B1E0C-34CD-417E-B3F1-6C08F4CCD9DD} = {6FEF2547-2BA2-4702-A8A0-2B60A06E5546}
	EndGlobalSection
EndGlobal
