
Microsoft Visual Studio Solution File, Format Version 12.00
# Visual Studio 14
VisualStudioVersion = 14.0.25122.0
MinimumVisualStudioVersion = 10.0.40219.1
Project("{2150E333-8FDC-42A3-9474-1A3956D46DE8}") = "EvalComplexExpression", "EvalComplexExpression", "{805C196C-7024-41BF-A4CC-324FBCE95568}"
EndProject
Project("{39E2626F-3545-4960-A6E8-258AD8476CE5}") = "EvalComplexExpression.Packaging", "EvalComplexExpression\EvalComplexExpression.Packaging\EvalComplexExpression.Packaging.androidproj", "{7B5F41E1-0199-4F44-B817-0BB35221A38C}"
EndProject
Project("{8BC9CEB8-8B4A-11D0-8D11-00A0C91BC942}") = "EvalComplexExpression.NativeActivity", "EvalComplexExpression\EvalComplexExpression.NativeActivity\EvalComplexExpression.NativeActivity.vcxproj", "{4BE93455-7205-4158-BBCE-07E3F34A7E2E}"
EndProject
Global
	GlobalSection(SolutionConfigurationPlatforms) = preSolution
		Debug|ARM = Debug|ARM
		Debug|ARM64 = Debug|ARM64
		Debug|x64 = Debug|x64
		Debug|x86 = Debug|x86
		Release|ARM = Release|ARM
		Release|ARM64 = Release|ARM64
		Release|x64 = Release|x64
		Release|x86 = Release|x86
	EndGlobalSection
	GlobalSection(ProjectConfigurationPlatforms) = postSolution
		{7B5F41E1-0199-4F44-B817-0BB35221A38C}.Debug|ARM.ActiveCfg = Debug|ARM
		{7B5F41E1-0199-4F44-B817-0BB35221A38C}.Debug|ARM.Build.0 = Debug|ARM
		{7B5F41E1-0199-4F44-B817-0BB35221A38C}.Debug|ARM.Deploy.0 = Debug|ARM
		{7B5F41E1-0199-4F44-B817-0BB35221A38C}.Debug|ARM64.ActiveCfg = Debug|ARM64
		{7B5F41E1-0199-4F44-B817-0BB35221A38C}.Debug|ARM64.Build.0 = Debug|ARM64
		{7B5F41E1-0199-4F44-B817-0BB35221A38C}.Debug|ARM64.Deploy.0 = Debug|ARM64
		{7B5F41E1-0199-4F44-B817-0BB35221A38C}.Debug|x64.ActiveCfg = Debug|x64
		{7B5F41E1-0199-4F44-B817-0BB35221A38C}.Debug|x64.Build.0 = Debug|x64
		{7B5F41E1-0199-4F44-B817-0BB35221A38C}.Debug|x64.Deploy.0 = Debug|x64
		{7B5F41E1-0199-4F44-B817-0BB35221A38C}.Debug|x86.ActiveCfg = Debug|x86
		{7B5F41E1-0199-4F44-B817-0BB35221A38C}.Debug|x86.Build.0 = Debug|x86
		{7B5F41E1-0199-4F44-B817-0BB35221A38C}.Debug|x86.Deploy.0 = Debug|x86
		{7B5F41E1-0199-4F44-B817-0BB35221A38C}.Release|ARM.ActiveCfg = Release|ARM
		{7B5F41E1-0199-4F44-B817-0BB35221A38C}.Release|ARM.Build.0 = Release|ARM
		{7B5F41E1-0199-4F44-B817-0BB35221A38C}.Release|ARM.Deploy.0 = Release|ARM
		{7B5F41E1-0199-4F44-B817-0BB35221A38C}.Release|ARM64.ActiveCfg = Release|ARM64
		{7B5F41E1-0199-4F44-B817-0BB35221A38C}.Release|ARM64.Build.0 = Release|ARM64
		{7B5F41E1-0199-4F44-B817-0BB35221A38C}.Release|ARM64.Deploy.0 = Release|ARM64
		{7B5F41E1-0199-4F44-B817-0BB35221A38C}.Release|x64.ActiveCfg = Release|x64
		{7B5F41E1-0199-4F44-B817-0BB35221A38C}.Release|x64.Build.0 = Release|x64
		{7B5F41E1-0199-4F44-B817-0BB35221A38C}.Release|x64.Deploy.0 = Release|x64
		{7B5F41E1-0199-4F44-B817-0BB35221A38C}.Release|x86.ActiveCfg = Release|x86
		{7B5F41E1-0199-4F44-B817-0BB35221A38C}.Release|x86.Build.0 = Release|x86
		{7B5F41E1-0199-4F44-B817-0BB35221A38C}.Release|x86.Deploy.0 = Release|x86
		{4BE93455-7205-4158-BBCE-07E3F34A7E2E}.Debug|ARM.ActiveCfg = Debug|ARM
		{4BE93455-7205-4158-BBCE-07E3F34A7E2E}.Debug|ARM.Build.0 = Debug|ARM
		{4BE93455-7205-4158-BBCE-07E3F34A7E2E}.Debug|ARM64.ActiveCfg = Debug|ARM64
		{4BE93455-7205-4158-BBCE-07E3F34A7E2E}.Debug|ARM64.Build.0 = Debug|ARM64
		{4BE93455-7205-4158-BBCE-07E3F34A7E2E}.Debug|x64.ActiveCfg = Debug|x64
		{4BE93455-7205-4158-BBCE-07E3F34A7E2E}.Debug|x64.Build.0 = Debug|x64
		{4BE93455-7205-4158-BBCE-07E3F34A7E2E}.Debug|x86.ActiveCfg = Debug|x86
		{4BE93455-7205-4158-BBCE-07E3F34A7E2E}.Debug|x86.Build.0 = Debug|x86
		{4BE93455-7205-4158-BBCE-07E3F34A7E2E}.Release|ARM.ActiveCfg = Release|ARM
		{4BE93455-7205-4158-BBCE-07E3F34A7E2E}.Release|ARM.Build.0 = Release|ARM
		{4BE93455-7205-4158-BBCE-07E3F34A7E2E}.Release|ARM64.ActiveCfg = Release|ARM64
		{4BE93455-7205-4158-BBCE-07E3F34A7E2E}.Release|ARM64.Build.0 = Release|ARM64
		{4BE93455-7205-4158-BBCE-07E3F34A7E2E}.Release|x64.ActiveCfg = Release|x64
		{4BE93455-7205-4158-BBCE-07E3F34A7E2E}.Release|x64.Build.0 = Release|x64
		{4BE93455-7205-4158-BBCE-07E3F34A7E2E}.Release|x86.ActiveCfg = Release|x86
		{4BE93455-7205-4158-BBCE-07E3F34A7E2E}.Release|x86.Build.0 = Release|x86
	EndGlobalSection
	GlobalSection(SolutionProperties) = preSolution
		HideSolutionNode = FALSE
	EndGlobalSection
	GlobalSection(NestedProjects) = preSolution
		{7B5F41E1-0199-4F44-B817-0BB35221A38C} = {805C196C-7024-41BF-A4CC-324FBCE95568}
		{4BE93455-7205-4158-BBCE-07E3F34A7E2E} = {805C196C-7024-41BF-A4CC-324FBCE95568}
	EndGlobalSection
EndGlobal
