
Microsoft Visual Studio Solution File, Format Version 12.00
# Visual Studio 14
VisualStudioVersion = 14.0.25122.0
MinimumVisualStudioVersion = 10.0.40219.1
Project("{2150E333-8FDC-42A3-9474-1A3956D46DE8}") = "Stepping", "Stepping", "{2DFB40D6-0C24-48F5-A32B-CF84DE6535D4}"
EndProject
Project("{39E2626F-3545-4960-A6E8-258AD8476CE5}") = "Stepping.Packaging", "Stepping\Stepping.Packaging\Stepping.Packaging.androidproj", "{66DAA4AA-8443-4CB4-A9E2-B96A714DE177}"
EndProject
Project("{8BC9CEB8-8B4A-11D0-8D11-00A0C91BC942}") = "Stepping.NativeActivity", "Stepping\Stepping.NativeActivity\Stepping.NativeActivity.vcxproj", "{DCE7BF95-7F39-478E-90EA-5E7F2F61C5EB}"
EndProject
Global
	GlobalSection(SolutionConfigurationPlatforms) = preSolution
		Debug|ARM = Debug|ARM
		Debug|ARM64 = Debug|ARM64
		Debug|x64 = Debug|x64
		Debug|x86 = Debug|x86
		Release|ARM = Release|ARM
		Release|ARM64 = Release|ARM64
		Release|x64 = Release|x64
		Release|x86 = Release|x86
	EndGlobalSection
	GlobalSection(ProjectConfigurationPlatforms) = postSolution
		{66DAA4AA-8443-4CB4-A9E2-B96A714DE177}.Debug|ARM.ActiveCfg = Debug|ARM
		{66DAA4AA-8443-4CB4-A9E2-B96A714DE177}.Debug|ARM.Build.0 = Debug|ARM
		{66DAA4AA-8443-4CB4-A9E2-B96A714DE177}.Debug|ARM.Deploy.0 = Debug|ARM
		{66DAA4AA-8443-4CB4-A9E2-B96A714DE177}.Debug|ARM64.ActiveCfg = Debug|ARM64
		{66DAA4AA-8443-4CB4-A9E2-B96A714DE177}.Debug|ARM64.Build.0 = Debug|ARM64
		{66DAA4AA-8443-4CB4-A9E2-B96A714DE177}.Debug|ARM64.Deploy.0 = Debug|ARM64
		{66DAA4AA-8443-4CB4-A9E2-B96A714DE177}.Debug|x64.ActiveCfg = Debug|x64
		{66DAA4AA-8443-4CB4-A9E2-B96A714DE177}.Debug|x64.Build.0 = Debug|x64
		{66DAA4AA-8443-4CB4-A9E2-B96A714DE177}.Debug|x64.Deploy.0 = Debug|x64
		{66DAA4AA-8443-4CB4-A9E2-B96A714DE177}.Debug|x86.ActiveCfg = Debug|x86
		{66DAA4AA-8443-4CB4-A9E2-B96A714DE177}.Debug|x86.Build.0 = Debug|x86
		{66DAA4AA-8443-4CB4-A9E2-B96A714DE177}.Debug|x86.Deploy.0 = Debug|x86
		{66DAA4AA-8443-4CB4-A9E2-B96A714DE177}.Release|ARM.ActiveCfg = Release|ARM
		{66DAA4AA-8443-4CB4-A9E2-B96A714DE177}.Release|ARM.Build.0 = Release|ARM
		{66DAA4AA-8443-4CB4-A9E2-B96A714DE177}.Release|ARM.Deploy.0 = Release|ARM
		{66DAA4AA-8443-4CB4-A9E2-B96A714DE177}.Release|ARM64.ActiveCfg = Release|ARM64
		{66DAA4AA-8443-4CB4-A9E2-B96A714DE177}.Release|ARM64.Build.0 = Release|ARM64
		{66DAA4AA-8443-4CB4-A9E2-B96A714DE177}.Release|ARM64.Deploy.0 = Release|ARM64
		{66DAA4AA-8443-4CB4-A9E2-B96A714DE177}.Release|x64.ActiveCfg = Release|x64
		{66DAA4AA-8443-4CB4-A9E2-B96A714DE177}.Release|x64.Build.0 = Release|x64
		{66DAA4AA-8443-4CB4-A9E2-B96A714DE177}.Release|x64.Deploy.0 = Release|x64
		{66DAA4AA-8443-4CB4-A9E2-B96A714DE177}.Release|x86.ActiveCfg = Release|x86
		{66DAA4AA-8443-4CB4-A9E2-B96A714DE177}.Release|x86.Build.0 = Release|x86
		{66DAA4AA-8443-4CB4-A9E2-B96A714DE177}.Release|x86.Deploy.0 = Release|x86
		{DCE7BF95-7F39-478E-90EA-5E7F2F61C5EB}.Debug|ARM.ActiveCfg = Debug|ARM
		{DCE7BF95-7F39-478E-90EA-5E7F2F61C5EB}.Debug|ARM.Build.0 = Debug|ARM
		{DCE7BF95-7F39-478E-90EA-5E7F2F61C5EB}.Debug|ARM64.ActiveCfg = Debug|ARM64
		{DCE7BF95-7F39-478E-90EA-5E7F2F61C5EB}.Debug|ARM64.Build.0 = Debug|ARM64
		{DCE7BF95-7F39-478E-90EA-5E7F2F61C5EB}.Debug|x64.ActiveCfg = Debug|x64
		{DCE7BF95-7F39-478E-90EA-5E7F2F61C5EB}.Debug|x64.Build.0 = Debug|x64
		{DCE7BF95-7F39-478E-90EA-5E7F2F61C5EB}.Debug|x86.ActiveCfg = Debug|x86
		{DCE7BF95-7F39-478E-90EA-5E7F2F61C5EB}.Debug|x86.Build.0 = Debug|x86
		{DCE7BF95-7F39-478E-90EA-5E7F2F61C5EB}.Release|ARM.ActiveCfg = Release|ARM
		{DCE7BF95-7F39-478E-90EA-5E7F2F61C5EB}.Release|ARM.Build.0 = Release|ARM
		{DCE7BF95-7F39-478E-90EA-5E7F2F61C5EB}.Release|ARM64.ActiveCfg = Release|ARM64
		{DCE7BF95-7F39-478E-90EA-5E7F2F61C5EB}.Release|ARM64.Build.0 = Release|ARM64
		{DCE7BF95-7F39-478E-90EA-5E7F2F61C5EB}.Release|x64.ActiveCfg = Release|x64
		{DCE7BF95-7F39-478E-90EA-5E7F2F61C5EB}.Release|x64.Build.0 = Release|x64
		{DCE7BF95-7F39-478E-90EA-5E7F2F61C5EB}.Release|x86.ActiveCfg = Release|x86
		{DCE7BF95-7F39-478E-90EA-5E7F2F61C5EB}.Release|x86.Build.0 = Release|x86
	EndGlobalSection
	GlobalSection(SolutionProperties) = preSolution
		HideSolutionNode = FALSE
	EndGlobalSection
	GlobalSection(NestedProjects) = preSolution
		{66DAA4AA-8443-4CB4-A9E2-B96A714DE177} = {2DFB40D6-0C24-48F5-A32B-CF84DE6535D4}
		{DCE7BF95-7F39-478E-90EA-5E7F2F61C5EB} = {2DFB40D6-0C24-48F5-A32B-CF84DE6535D4}
	EndGlobalSection
EndGlobal
